
Microsoft Visual Studio Solution File, Format Version 12.00
# Visual Studio Version 16
VisualStudioVersion = 16.0.31205.134
MinimumVisualStudioVersion = 10.0.40219.1
Project("{FAE04EC0-301F-11D3-BF4B-00C04F79EFBC}") = "DeletingContact", "DeletingContact\DeletingContact.csproj", "{A433BA7A-C5C1-4BFC-988A-197C8B0CC28F}"
EndProject
Global
	GlobalSection(SolutionConfigurationPlatforms) = preSolution
		Debug|Any CPU = Debug|Any CPU
		Release|Any CPU = Release|Any CPU
	EndGlobalSection
	GlobalSection(ProjectConfigurationPlatforms) = postSolution
		{A433BA7A-C5C1-4BFC-988A-197C8B0CC28F}.Debug|Any CPU.ActiveCfg = Debug|Any CPU
		{A433BA7A-C5C1-4BFC-988A-197C8B0CC28F}.Debug|Any CPU.Build.0 = Debug|Any CPU
		{A433BA7A-C5C1-4BFC-988A-197C8B0CC28F}.Release|Any CPU.ActiveCfg = Release|Any CPU
		{A433BA7A-C5C1-4BFC-988A-197C8B0CC28F}.Release|Any CPU.Build.0 = Release|Any CPU
	EndGlobalSection
	GlobalSection(SolutionProperties) = preSolution
		HideSolutionNode = FALSE
	EndGlobalSection
	GlobalSection(ExtensibilityGlobals) = postSolution
		SolutionGuid = {589EFF86-947C-448D-9465-08DCC25393F5}
	EndGlobalSection
EndGlobal
